
Microsoft Visual Studio Solution File, Format Version 12.00
# Visual Studio Version 17
VisualStudioVersion = 17.3.32929.385
MinimumVisualStudioVersion = 10.0.40219.1
Project("{54A90642-561A-4BB1-A94E-469ADEE60C69}") = "react-test", "react-test\react-test.esproj", "{982268AD-42AC-472B-97D3-2B97C122703D}"
EndProject
Global
	GlobalSection(SolutionConfigurationPlatforms) = preSolution
		Debug|Any CPU = Debug|Any CPU
		Release|Any CPU = Release|Any CPU
	EndGlobalSection
	GlobalSection(ProjectConfigurationPlatforms) = postSolution
		{982268AD-42AC-472B-97D3-2B97C122703D}.Debug|Any CPU.ActiveCfg = Debug|Any CPU
		{982268AD-42AC-472B-97D3-2B97C122703D}.Debug|Any CPU.Build.0 = Debug|Any CPU
		{982268AD-42AC-472B-97D3-2B97C122703D}.Debug|Any CPU.Deploy.0 = Debug|Any CPU
		{982268AD-42AC-472B-97D3-2B97C122703D}.Release|Any CPU.ActiveCfg = Release|Any CPU
		{982268AD-42AC-472B-97D3-2B97C122703D}.Release|Any CPU.Build.0 = Release|Any CPU
		{982268AD-42AC-472B-97D3-2B97C122703D}.Release|Any CPU.Deploy.0 = Release|Any CPU
	EndGlobalSection
	GlobalSection(SolutionProperties) = preSolution
		HideSolutionNode = FALSE
	EndGlobalSection
	GlobalSection(ExtensibilityGlobals) = postSolution
		SolutionGuid = {0B134E4A-D666-4F36-B2A3-4D5AEE4EF3BC}
	EndGlobalSection
EndGlobal
